// !$*UTF8*$!
{
	archiveVersion = 1;
	classes = {
	};
	objectVersion = 50;
	objects = {

/* Begin PBXBuildFile section */
		213F54A7211044BB001AC12B /* Uitlities.swift in Sources */ = {isa = PBXBuildFile; fileRef = 213F54A6211044BB001AC12B /* Uitlities.swift */; };
		21406EDE210EBD85000C8DE5 /* RecordViewController.swift in Sources */ = {isa = PBXBuildFile; fileRef = 21406EDD210EBD85000C8DE5 /* RecordViewController.swift */; };
		21A0BE4B2111A95500F89780 /* Recorder.swift in Sources */ = {isa = PBXBuildFile; fileRef = 21A0BE4A2111A95500F89780 /* Recorder.swift */; };
		21A0BE4D2111A96600F89780 /* Recording.swift in Sources */ = {isa = PBXBuildFile; fileRef = 21A0BE4C2111A96600F89780 /* Recording.swift */; };
		21DDFD2E210B11090077ABD8 /* AppDelegate.swift in Sources */ = {isa = PBXBuildFile; fileRef = 21DDFD2D210B11090077ABD8 /* AppDelegate.swift */; };
		21DDFD30210B11090077ABD8 /* ViewController.swift in Sources */ = {isa = PBXBuildFile; fileRef = 21DDFD2F210B11090077ABD8 /* ViewController.swift */; };
		21DDFD33210B11090077ABD8 /* Main.storyboard in Resources */ = {isa = PBXBuildFile; fileRef = 21DDFD31210B11090077ABD8 /* Main.storyboard */; };
		21DDFD35210B110C0077ABD8 /* Assets.xcassets in Resources */ = {isa = PBXBuildFile; fileRef = 21DDFD34210B110C0077ABD8 /* Assets.xcassets */; };
		21DDFD38210B110C0077ABD8 /* LaunchScreen.storyboard in Resources */ = {isa = PBXBuildFile; fileRef = 21DDFD36210B110C0077ABD8 /* LaunchScreen.storyboard */; };
/* End PBXBuildFile section */

/* Begin PBXFileReference section */
		213F54A6211044BB001AC12B /* Uitlities.swift */ = {isa = PBXFileReference; lastKnownFileType = sourcecode.swift; path = Uitlities.swift; sourceTree = "<group>"; };
		21406EDD210EBD85000C8DE5 /* RecordViewController.swift */ = {isa = PBXFileReference; fileEncoding = 4; lastKnownFileType = sourcecode.swift; path = RecordViewController.swift; sourceTree = "<group>"; };
		21A0BE4A2111A95500F89780 /* Recorder.swift */ = {isa = PBXFileReference; fileEncoding = 4; lastKnownFileType = sourcecode.swift; path = Recorder.swift; sourceTree = "<group>"; };
		21A0BE4C2111A96600F89780 /* Recording.swift */ = {isa = PBXFileReference; lastKnownFileType = sourcecode.swift; path = Recording.swift; sourceTree = "<group>"; };
		21DDFD2A210B11090077ABD8 /* eagleRecordings-MVC.app */ = {isa = PBXFileReference; explicitFileType = wrapper.application; includeInIndex = 0; path = "eagleRecordings-MVC.app"; sourceTree = BUILT_PRODUCTS_DIR; };
		21DDFD2D210B11090077ABD8 /* AppDelegate.swift */ = {isa = PBXFileReference; lastKnownFileType = sourcecode.swift; path = AppDelegate.swift; sourceTree = "<group>"; };
		21DDFD2F210B11090077ABD8 /* ViewController.swift */ = {isa = PBXFileReference; lastKnownFileType = sourcecode.swift; path = ViewController.swift; sourceTree = "<group>"; };
		21DDFD32210B11090077ABD8 /* Base */ = {isa = PBXFileReference; lastKnownFileType = file.storyboard; name = Base; path = Base.lproj/Main.storyboard; sourceTree = "<group>"; };
		21DDFD34210B110C0077ABD8 /* Assets.xcassets */ = {isa = PBXFileReference; lastKnownFileType = folder.assetcatalog; path = Assets.xcassets; sourceTree = "<group>"; };
		21DDFD37210B110C0077ABD8 /* Base */ = {isa = PBXFileReference; lastKnownFileType = file.storyboard; name = Base; path = Base.lproj/LaunchScreen.storyboard; sourceTree = "<group>"; };
		21DDFD39210B110C0077ABD8 /* Info.plist */ = {isa = PBXFileReference; lastKnownFileType = text.plist.xml; path = Info.plist; sourceTree = "<group>"; };
/* End PBXFileReference section */

/* Begin PBXFrameworksBuildPhase section */
		21DDFD27210B11090077ABD8 /* Frameworks */ = {
			isa = PBXFrameworksBuildPhase;
			buildActionMask = 2147483647;
			files = (
			);
			runOnlyForDeploymentPostprocessing = 0;
		};
/* End PBXFrameworksBuildPhase section */

/* Begin PBXGroup section */
		21747E89210B279200B6F84E /* View */ = {
			isa = PBXGroup;
			children = (
			);
			path = View;
			sourceTree = "<group>";
		};
		21747E8A210B27AA00B6F84E /* Model */ = {
			isa = PBXGroup;
			children = (
				21A0BE4C2111A96600F89780 /* Recording.swift */,
			);
			path = Model;
			sourceTree = "<group>";
		};
		21747E8B210B27B200B6F84E /* Controller */ = {
			isa = PBXGroup;
			children = (
				21406EDD210EBD85000C8DE5 /* RecordViewController.swift */,
			);
			path = Controller;
			sourceTree = "<group>";
		};
		21747E8C210B27BB00B6F84E /* Helper */ = {
			isa = PBXGroup;
			children = (
				213F54A6211044BB001AC12B /* Uitlities.swift */,
				21A0BE4A2111A95500F89780 /* Recorder.swift */,
			);
			path = Helper;
			sourceTree = "<group>";
		};
		21DDFD21210B11090077ABD8 = {
			isa = PBXGroup;
			children = (
				21DDFD2C210B11090077ABD8 /* eagleRecordings-MVC */,
				21DDFD2B210B11090077ABD8 /* Products */,
			);
			sourceTree = "<group>";
		};
		21DDFD2B210B11090077ABD8 /* Products */ = {
			isa = PBXGroup;
			children = (
				21DDFD2A210B11090077ABD8 /* eagleRecordings-MVC.app */,
			);
			name = Products;
			sourceTree = "<group>";
		};
		21DDFD2C210B11090077ABD8 /* eagleRecordings-MVC */ = {
			isa = PBXGroup;
			children = (
				21747E8C210B27BB00B6F84E /* Helper */,
				21747E8B210B27B200B6F84E /* Controller */,
				21747E8A210B27AA00B6F84E /* Model */,
				21747E89210B279200B6F84E /* View */,
				21DDFD2D210B11090077ABD8 /* AppDelegate.swift */,
				21DDFD2F210B11090077ABD8 /* ViewController.swift */,
				21DDFD31210B11090077ABD8 /* Main.storyboard */,
				21DDFD34210B110C0077ABD8 /* Assets.xcassets */,
				21DDFD36210B110C0077ABD8 /* LaunchScreen.storyboard */,
				21DDFD39210B110C0077ABD8 /* Info.plist */,
			);
			path = "eagleRecordings-MVC";
			sourceTree = "<group>";
		};
/* End PBXGroup section */

/* Begin PBXNativeTarget section */
		21DDFD29210B11090077ABD8 /* eagleRecordings-MVC */ = {
			isa = PBXNativeTarget;
			buildConfigurationList = 21DDFD3C210B110C0077ABD8 /* Build configuration list for PBXNativeTarget "eagleRecordings-MVC" */;
			buildPhases = (
				21DDFD26210B11090077ABD8 /* Sources */,
				21DDFD27210B11090077ABD8 /* Frameworks */,
				21DDFD28210B11090077ABD8 /* Resources */,
			);
			buildRules = (
			);
			dependencies = (
			);
			name = "eagleRecordings-MVC";
			productName = "eagleRecordings-MVC";
			productReference = 21DDFD2A210B11090077ABD8 /* eagleRecordings-MVC.app */;
			productType = "com.apple.product-type.application";
		};
/* End PBXNativeTarget section */

/* Begin PBXProject section */
		21DDFD22210B11090077ABD8 /* Project object */ = {
			isa = PBXProject;
			attributes = {
				LastSwiftUpdateCheck = 0940;
				LastUpgradeCheck = 0940;
				ORGANIZATIONNAME = yongzhen;
				TargetAttributes = {
					21DDFD29210B11090077ABD8 = {
						CreatedOnToolsVersion = 9.4.1;
					};
				};
			};
			buildConfigurationList = 21DDFD25210B11090077ABD8 /* Build configuration list for PBXProject "eagleRecordings-MVC" */;
			compatibilityVersion = "Xcode 9.3";
			developmentRegion = en;
			hasScannedForEncodings = 0;
			knownRegions = (
				en,
				Base,
			);
			mainGroup = 21DDFD21210B11090077ABD8;
			productRefGroup = 21DDFD2B210B11090077ABD8 /* Products */;
			projectDirPath = "";
			projectRoot = "";
			targets = (
				21DDFD29210B11090077ABD8 /* eagleRecordings-MVC */,
			);
		};
/* End PBXProject section */

/* Begin PBXResourcesBuildPhase section */
		21DDFD28210B11090077ABD8 /* Resources */ = {
			isa = PBXResourcesBuildPhase;
			buildActionMask = 2147483647;
			files = (
				21DDFD38210B110C0077ABD8 /* LaunchScreen.storyboard in Resources */,
				21DDFD35210B110C0077ABD8 /* Assets.xcassets in Resources */,
				21DDFD33210B11090077ABD8 /* Main.storyboard in Resources */,
			);
			runOnlyForDeploymentPostprocessing = 0;
		};
/* End PBXResourcesBuildPhase section */

/* Begin PBXSourcesBuildPhase section */
		21DDFD26210B11090077ABD8 /* Sources */ = {
			isa = PBXSourcesBuildPhase;
			buildActionMask = 2147483647;
			files = (
				21A0BE4B2111A95500F89780 /* Recorder.swift in Sources */,
				21A0BE4D2111A96600F89780 /* Recording.swift in Sources */,
				21406EDE210EBD85000C8DE5 /* RecordViewController.swift in Sources */,
				21DDFD30210B11090077ABD8 /* ViewController.swift in Sources */,
				21DDFD2E210B11090077ABD8 /* AppDelegate.swift in Sources */,
				213F54A7211044BB001AC12B /* Uitlities.swift in Sources */,
			);
			runOnlyForDeploymentPostprocessing = 0;
		};
/* End PBXSourcesBuildPhase section */

/* Begin PBXVariantGroup section */
		21DDFD31210B11090077ABD8 /* Main.storyboard */ = {
			isa = PBXVariantGroup;
			children = (
				21DDFD32210B11090077ABD8 /* Base */,
			);
			name = Main.storyboard;
			sourceTree = "<group>";
		};
		21DDFD36210B110C0077ABD8 /* LaunchScreen.storyboard */ = {
			isa = PBXVariantGroup;
			children = (
				21DDFD37210B110C0077ABD8 /* Base */,
			);
			name = LaunchScreen.storyboard;
			sourceTree = "<group>";
		};
/* End PBXVariantGroup section */

/* Begin XCBuildConfiguration section */
		21DDFD3A210B110C0077ABD8 /* Debug */ = {
			isa = XCBuildConfiguration;
			buildSettings = {
				ALWAYS_SEARCH_USER_PATHS = NO;
				CLANG_ANALYZER_NONNULL = YES;
				CLANG_ANALYZER_NUMBER_OBJECT_CONVERSION = YES_AGGRESSIVE;
				CLANG_CXX_LANGUAGE_STANDARD = "gnu++14";
				CLANG_CXX_LIBRARY = "libc++";
				CLANG_ENABLE_MODULES = YES;
				CLANG_ENABLE_OBJC_ARC = YES;
				CLANG_ENABLE_OBJC_WEAK = YES;
				CLANG_WARN_BLOCK_CAPTURE_AUTORELEASING = YES;
				CLANG_WARN_BOOL_CONVERSION = YES;
				CLANG_WARN_COMMA = YES;
				CLANG_WARN_CONSTANT_CONVERSION = YES;
				CLANG_WARN_DEPRECATED_OBJC_IMPLEMENTATIONS = YES;
				CLANG_WARN_DIRECT_OBJC_ISA_USAGE = YES_ERROR;
				CLANG_WARN_DOCUMENTATION_COMMENTS = YES;
				CLANG_WARN_EMPTY_BODY = YES;
				CLANG_WARN_ENUM_CONVERSION = YES;
				CLANG_WARN_INFINITE_RECURSION = YES;
				CLANG_WARN_INT_CONVERSION = YES;
				CLANG_WARN_NON_LITERAL_NULL_CONVERSION = YES;
				CLANG_WARN_OBJC_IMPLICIT_RETAIN_SELF = YES;
				CLANG_WARN_OBJC_LITERAL_CONVERSION = YES;
				CLANG_WARN_OBJC_ROOT_CLASS = YES_ERROR;
				CLANG_WARN_RANGE_LOOP_ANALYSIS = YES;
				CLANG_WARN_STRICT_PROTOTYPES = YES;
				CLANG_WARN_SUSPICIOUS_MOVE = YES;
				CLANG_WARN_UNGUARDED_AVAILABILITY = YES_AGGRESSIVE;
				CLANG_WARN_UNREACHABLE_CODE = YES;
				CLANG_WARN__DUPLICATE_METHOD_MATCH = YES;
				CODE_SIGN_IDENTITY = "iPhone Developer";
				COPY_PHASE_STRIP = NO;
				DEBUG_INFORMATION_FORMAT = dwarf;
				ENABLE_STRICT_OBJC_MSGSEND = YES;
				ENABLE_TESTABILITY = YES;
				GCC_C_LANGUAGE_STANDARD = gnu11;
				GCC_DYNAMIC_NO_PIC = NO;
				GCC_NO_COMMON_BLOCKS = YES;
				GCC_OPTIMIZATION_LEVEL = 0;
				GCC_PREPROCESSOR_DEFINITIONS = (
					"DEBUG=1",
					"$(inherited)",
				);
				GCC_WARN_64_TO_32_BIT_CONVERSION = YES;
				GCC_WARN_ABOUT_RETURN_TYPE = YES_ERROR;
				GCC_WARN_UNDECLARED_SELECTOR = YES;
				GCC_WARN_UNINITIALIZED_AUTOS = YES_AGGRESSIVE;
				GCC_WARN_UNUSED_FUNCTION = YES;
				GCC_WARN_UNUSED_VARIABLE = YES;
				IPHONEOS_DEPLOYMENT_TARGET = 11.4;
				MTL_ENABLE_DEBUG_INFO = YES;
				ONLY_ACTIVE_ARCH = YES;
				SDKROOT = iphoneos;
				SWIFT_ACTIVE_COMPILATION_CONDITIONS = DEBUG;
				SWIFT_OPTIMIZATION_LEVEL = "-Onone";
			};
			name = Debug;
		};
		21DDFD3B210B110C0077ABD8 /* Release */ = {
			isa = XCBuildConfiguration;
			buildSettings = {
				ALWAYS_SEARCH_USER_PATHS = NO;
				CLANG_ANALYZER_NONNULL = YES;
				CLANG_ANALYZER_NUMBER_OBJECT_CONVERSION = YES_AGGRESSIVE;
				CLANG_CXX_LANGUAGE_STANDARD = "gnu++14";
				CLANG_CXX_LIBRARY = "libc++";
				CLANG_ENABLE_MODULES = YES;
				CLANG_ENABLE_OBJC_ARC = YES;
				CLANG_ENABLE_OBJC_WEAK = YES;
				CLANG_WARN_BLOCK_CAPTURE_AUTORELEASING = YES;
				CLANG_WARN_BOOL_CONVERSION = YES;
				CLANG_WARN_COMMA = YES;
				CLANG_WARN_CONSTANT_CONVERSION = YES;
				CLANG_WARN_DEPRECATED_OBJC_IMPLEMENTATIONS = YES;
				CLANG_WARN_DIRECT_OBJC_ISA_USAGE = YES_ERROR;
				CLANG_WARN_DOCUMENTATION_COMMENTS = YES;
				CLANG_WARN_EMPTY_BODY = YES;
				CLANG_WARN_ENUM_CONVERSION = YES;
				CLANG_WARN_INFINITE_RECURSION = YES;
				CLANG_WARN_INT_CONVERSION = YES;
				CLANG_WARN_NON_LITERAL_NULL_CONVERSION = YES;
				CLANG_WARN_OBJC_IMPLICIT_RETAIN_SELF = YES;
				CLANG_WARN_OBJC_LITERAL_CONVERSION = YES;
				CLANG_WARN_OBJC_ROOT_CLASS = YES_ERROR;
				CLANG_WARN_RANGE_LOOP_ANALYSIS = YES;
				CLANG_WARN_STRICT_PROTOTYPES = YES;
				CLANG_WARN_SUSPICIOUS_MOVE = YES;
				CLANG_WARN_UNGUARDED_AVAILABILITY = YES_AGGRESSIVE;
				CLANG_WARN_UNREACHABLE_CODE = YES;
				CLANG_WARN__DUPLICATE_METHOD_MATCH = YES;
				CODE_SIGN_IDENTITY = "iPhone Developer";
				COPY_PHASE_STRIP = NO;
				DEBUG_INFORMATION_FORMAT = "dwarf-with-dsym";
				ENABLE_NS_ASSERTIONS = NO;
				ENABLE_STRICT_OBJC_MSGSEND = YES;
				GCC_C_LANGUAGE_STANDARD = gnu11;
				GCC_NO_COMMON_BLOCKS = YES;
				GCC_WARN_64_TO_32_BIT_CONVERSION = YES;
				GCC_WARN_ABOUT_RETURN_TYPE = YES_ERROR;
				GCC_WARN_UNDECLARED_SELECTOR = YES;
				GCC_WARN_UNINITIALIZED_AUTOS = YES_AGGRESSIVE;
				GCC_WARN_UNUSED_FUNCTION = YES;
				GCC_WARN_UNUSED_VARIABLE = YES;
				IPHONEOS_DEPLOYMENT_TARGET = 11.4;
				MTL_ENABLE_DEBUG_INFO = NO;
				SDKROOT = iphoneos;
				SWIFT_COMPILATION_MODE = wholemodule;
				SWIFT_OPTIMIZATION_LEVEL = "-O";
				VALIDATE_PRODUCT = YES;
			};
			name = Release;
		};
		21DDFD3D210B110C0077ABD8 /* Debug */ = {
			isa = XCBuildConfiguration;
			buildSettings = {
				ASSETCATALOG_COMPILER_APPICON_NAME = AppIcon;
				CODE_SIGN_STYLE = Manual;
				DEVELOPMENT_TEAM = "";
				INFOPLIST_FILE = "eagleRecordings-MVC/Info.plist";
				LD_RUNPATH_SEARCH_PATHS = (
					"$(inherited)",
					"@executable_path/Frameworks",
				);
				PRODUCT_BUNDLE_IDENTIFIER = "yongzhenyin.eagleRecordings-MVC";
				PRODUCT_NAME = "$(TARGET_NAME)";
				PROVISIONING_PROFILE_SPECIFIER = "";
				SWIFT_VERSION = 4.0;
				TARGETED_DEVICE_FAMILY = "1,2";
			};
			name = Debug;
		};
		21DDFD3E210B110C0077ABD8 /* Release */ = {
			isa = XCBuildConfiguration;
			buildSettings = {
				ASSETCATALOG_COMPILER_APPICON_NAME = AppIcon;
				CODE_SIGN_STYLE = Manual;
				DEVELOPMENT_TEAM = "";
				INFOPLIST_FILE = "eagleRecordings-MVC/Info.plist";
				LD_RUNPATH_SEARCH_PATHS = (
					"$(inherited)",
					"@executable_path/Frameworks",
				);
				PRODUCT_BUNDLE_IDENTIFIER = "yongzhenyin.eagleRecordings-MVC";
				PRODUCT_NAME = "$(TARGET_NAME)";
				PROVISIONING_PROFILE_SPECIFIER = "";
				SWIFT_VERSION = 4.0;
				TARGETED_DEVICE_FAMILY = "1,2";
			};
			name = Release;
		};
/* End XCBuildConfiguration section */

/* Begin XCConfigurationList section */
		21DDFD25210B11090077ABD8 /* Build configuration list for PBXProject "eagleRecordings-MVC" */ = {
			isa = XCConfigurationList;
			buildConfigurations = (
				21DDFD3A210B110C0077ABD8 /* Debug */,
				21DDFD3B210B110C0077ABD8 /* Release */,
			);
			defaultConfigurationIsVisible = 0;
			defaultConfigurationName = Release;
		};
		21DDFD3C210B110C0077ABD8 /* Build configuration list for PBXNativeTarget "eagleRecordings-MVC" */ = {
			isa = XCConfigurationList;
			buildConfigurations = (
				21DDFD3D210B110C0077ABD8 /* Debug */,
				21DDFD3E210B110C0077ABD8 /* Release */,
			);
			defaultConfigurationIsVisible = 0;
			defaultConfigurationName = Release;
		};
/* End XCConfigurationList section */
	};
	rootObject = 21DDFD22210B11090077ABD8 /* Project object */;
}
